
Microsoft Visual Studio Solution File, Format Version 12.00
# Visual Studio Version 16
VisualStudioVersion = 16.0.28803.156
MinimumVisualStudioVersion = 10.0.40219.1
Project("{2150E333-8FDC-42A3-9474-1A3956D46DE8}") = "src", "src", "{AFAA0841-BD93-466F-B8F4-FB4EEC86F1FC}"
EndProject
Project("{2150E333-8FDC-42A3-9474-1A3956D46DE8}") = "test", "test", "{F10AA149-2626-486E-85BB-9CD5365F3016}"
EndProject
Project("{9A19103F-16F7-4668-BE54-9A1E7A4F7556}") = "JPGZService.Core", "src\JPGZService.Core\JPGZService.Core.csproj", "{0FA75A5B-AB83-4FD0-B545-279774C01E87}"
EndProject
Project("{9A19103F-16F7-4668-BE54-9A1E7A4F7556}") = "JPGZService.Application", "src\JPGZService.Application\JPGZService.Application.csproj", "{3870C648-4AEA-4B85-BA3F-F2F63B96136A}"
EndProject
Project("{9A19103F-16F7-4668-BE54-9A1E7A4F7556}") = "JPGZService.Tests", "test\JPGZService.Tests\JPGZService.Tests.csproj", "{0D4C5D00-C144-4213-A007-4B8944113AB1}"
EndProject
Project("{9A19103F-16F7-4668-BE54-9A1E7A4F7556}") = "JPGZService.Migrator", "src\JPGZService.Migrator\JPGZService.Migrator.csproj", "{880B3591-E057-46FE-B525-10BD83828B93}"
EndProject
Project("{9A19103F-16F7-4668-BE54-9A1E7A4F7556}") = "JPGZService.Web.Host", "src\JPGZService.Web.Host\JPGZService.Web.Host.csproj", "{38E184BD-E874-4633-A947-AED4FDB73F40}"
EndProject
Project("{9A19103F-16F7-4668-BE54-9A1E7A4F7556}") = "JPGZService.Web.Core", "src\JPGZService.Web.Core\JPGZService.Web.Core.csproj", "{22CFE0D2-8DCA-42D7-AD7D-784C3862493F}"
EndProject
Project("{9A19103F-16F7-4668-BE54-9A1E7A4F7556}") = "JPGZService.EntityFrameworkCore", "src\JPGZService.EntityFrameworkCore\JPGZService.EntityFrameworkCore.csproj", "{E0580562-F8F2-4EBB-B07A-ABFC6F2C314F}"
EndProject
Project("{9A19103F-16F7-4668-BE54-9A1E7A4F7556}") = "ABP.FreeSqlSqlserver", "src\ABP.FreeSql\ABP.FreeSqlSqlserver.csproj", "{B7DED884-3C9A-48F7-BE04-7C89E6660DFF}"
EndProject
Project("{9A19103F-16F7-4668-BE54-9A1E7A4F7556}") = "Abp.FreeSqlExtensions", "Abp.FreeSqlExtensions\Abp.FreeSqlExtensions.csproj", "{E255BE66-0629-4010-8D8F-9C9731241233}"
EndProject
Project("{9A19103F-16F7-4668-BE54-9A1E7A4F7556}") = "FreeSql.Connection.Extensions", "FreeSql.Connection.Extensions\FreeSql.Connection.Extensions.csproj", "{AAB052FF-D93E-4A67-AF55-028086EA52B2}"
EndProject
Project("{2150E333-8FDC-42A3-9474-1A3956D46DE8}") = "RemoteEventBus", "RemoteEventBus", "{821AC96E-C507-48CD-98A9-9C20E3C1EFDF}"
EndProject
Project("{9A19103F-16F7-4668-BE54-9A1E7A4F7556}") = "Abp.RemoteEventBus.Redis", "src\Abp.RemoteEventBus.Redis\Abp.RemoteEventBus.Redis.csproj", "{3069BC0E-7074-4621-9338-3750E4D8372D}"
EndProject
Project("{2150E333-8FDC-42A3-9474-1A3956D46DE8}") = "EventBusDemos", "EventBusDemos", "{0F15D00A-FF58-4655-8C11-CF878B828948}"
EndProject
Project("{FAE04EC0-301F-11D3-BF4B-00C04F79EFBC}") = "WebApiDemo", "test\EventBusDemos\WebApiDemo\WebApiDemo.csproj", "{2B72B0F7-9D80-4FB5-88C3-35728B94EAC9}"
EndProject
Project("{FAE04EC0-301F-11D3-BF4B-00C04F79EFBC}") = "ConsoleDemo", "test\EventBusDemos\ConsoleDemo\ConsoleDemo.csproj", "{AB86F642-BA06-4074-B218-D1B0EDA843CB}"
EndProject
Global
	GlobalSection(SolutionConfigurationPlatforms) = preSolution
		Debug|Any CPU = Debug|Any CPU
		Release|Any CPU = Release|Any CPU
	EndGlobalSection
	GlobalSection(ProjectConfigurationPlatforms) = postSolution
		{0FA75A5B-AB83-4FD0-B545-279774C01E87}.Debug|Any CPU.ActiveCfg = Debug|Any CPU
		{0FA75A5B-AB83-4FD0-B545-279774C01E87}.Debug|Any CPU.Build.0 = Debug|Any CPU
		{0FA75A5B-AB83-4FD0-B545-279774C01E87}.Release|Any CPU.ActiveCfg = Release|Any CPU
		{0FA75A5B-AB83-4FD0-B545-279774C01E87}.Release|Any CPU.Build.0 = Release|Any CPU
		{3870C648-4AEA-4B85-BA3F-F2F63B96136A}.Debug|Any CPU.ActiveCfg = Debug|Any CPU
		{3870C648-4AEA-4B85-BA3F-F2F63B96136A}.Debug|Any CPU.Build.0 = Debug|Any CPU
		{3870C648-4AEA-4B85-BA3F-F2F63B96136A}.Release|Any CPU.ActiveCfg = Release|Any CPU
		{3870C648-4AEA-4B85-BA3F-F2F63B96136A}.Release|Any CPU.Build.0 = Release|Any CPU
		{0D4C5D00-C144-4213-A007-4B8944113AB1}.Debug|Any CPU.ActiveCfg = Debug|Any CPU
		{0D4C5D00-C144-4213-A007-4B8944113AB1}.Debug|Any CPU.Build.0 = Debug|Any CPU
		{0D4C5D00-C144-4213-A007-4B8944113AB1}.Release|Any CPU.ActiveCfg = Release|Any CPU
		{0D4C5D00-C144-4213-A007-4B8944113AB1}.Release|Any CPU.Build.0 = Release|Any CPU
		{880B3591-E057-46FE-B525-10BD83828B93}.Debug|Any CPU.ActiveCfg = Debug|Any CPU
		{880B3591-E057-46FE-B525-10BD83828B93}.Debug|Any CPU.Build.0 = Debug|Any CPU
		{880B3591-E057-46FE-B525-10BD83828B93}.Release|Any CPU.ActiveCfg = Release|Any CPU
		{880B3591-E057-46FE-B525-10BD83828B93}.Release|Any CPU.Build.0 = Release|Any CPU
		{38E184BD-E874-4633-A947-AED4FDB73F40}.Debug|Any CPU.ActiveCfg = Debug|Any CPU
		{38E184BD-E874-4633-A947-AED4FDB73F40}.Debug|Any CPU.Build.0 = Debug|Any CPU
		{38E184BD-E874-4633-A947-AED4FDB73F40}.Release|Any CPU.ActiveCfg = Release|Any CPU
		{38E184BD-E874-4633-A947-AED4FDB73F40}.Release|Any CPU.Build.0 = Release|Any CPU
		{22CFE0D2-8DCA-42D7-AD7D-784C3862493F}.Debug|Any CPU.ActiveCfg = Debug|Any CPU
		{22CFE0D2-8DCA-42D7-AD7D-784C3862493F}.Debug|Any CPU.Build.0 = Debug|Any CPU
		{22CFE0D2-8DCA-42D7-AD7D-784C3862493F}.Release|Any CPU.ActiveCfg = Release|Any CPU
		{22CFE0D2-8DCA-42D7-AD7D-784C3862493F}.Release|Any CPU.Build.0 = Release|Any CPU
		{E0580562-F8F2-4EBB-B07A-ABFC6F2C314F}.Debug|Any CPU.ActiveCfg = Debug|Any CPU
		{E0580562-F8F2-4EBB-B07A-ABFC6F2C314F}.Debug|Any CPU.Build.0 = Debug|Any CPU
		{E0580562-F8F2-4EBB-B07A-ABFC6F2C314F}.Release|Any CPU.ActiveCfg = Release|Any CPU
		{E0580562-F8F2-4EBB-B07A-ABFC6F2C314F}.Release|Any CPU.Build.0 = Release|Any CPU
		{B7DED884-3C9A-48F7-BE04-7C89E6660DFF}.Debug|Any CPU.ActiveCfg = Debug|Any CPU
		{B7DED884-3C9A-48F7-BE04-7C89E6660DFF}.Debug|Any CPU.Build.0 = Debug|Any CPU
		{B7DED884-3C9A-48F7-BE04-7C89E6660DFF}.Release|Any CPU.ActiveCfg = Release|Any CPU
		{B7DED884-3C9A-48F7-BE04-7C89E6660DFF}.Release|Any CPU.Build.0 = Release|Any CPU
		{E255BE66-0629-4010-8D8F-9C9731241233}.Debug|Any CPU.ActiveCfg = Debug|Any CPU
		{E255BE66-0629-4010-8D8F-9C9731241233}.Debug|Any CPU.Build.0 = Debug|Any CPU
		{E255BE66-0629-4010-8D8F-9C9731241233}.Release|Any CPU.ActiveCfg = Release|Any CPU
		{E255BE66-0629-4010-8D8F-9C9731241233}.Release|Any CPU.Build.0 = Release|Any CPU
		{AAB052FF-D93E-4A67-AF55-028086EA52B2}.Debug|Any CPU.ActiveCfg = Debug|Any CPU
		{AAB052FF-D93E-4A67-AF55-028086EA52B2}.Debug|Any CPU.Build.0 = Debug|Any CPU
		{AAB052FF-D93E-4A67-AF55-028086EA52B2}.Release|Any CPU.ActiveCfg = Release|Any CPU
		{AAB052FF-D93E-4A67-AF55-028086EA52B2}.Release|Any CPU.Build.0 = Release|Any CPU
		{3069BC0E-7074-4621-9338-3750E4D8372D}.Debug|Any CPU.ActiveCfg = Debug|Any CPU
		{3069BC0E-7074-4621-9338-3750E4D8372D}.Debug|Any CPU.Build.0 = Debug|Any CPU
		{3069BC0E-7074-4621-9338-3750E4D8372D}.Release|Any CPU.ActiveCfg = Release|Any CPU
		{3069BC0E-7074-4621-9338-3750E4D8372D}.Release|Any CPU.Build.0 = Release|Any CPU
		{2B72B0F7-9D80-4FB5-88C3-35728B94EAC9}.Debug|Any CPU.ActiveCfg = Debug|Any CPU
		{2B72B0F7-9D80-4FB5-88C3-35728B94EAC9}.Debug|Any CPU.Build.0 = Debug|Any CPU
		{2B72B0F7-9D80-4FB5-88C3-35728B94EAC9}.Release|Any CPU.ActiveCfg = Release|Any CPU
		{2B72B0F7-9D80-4FB5-88C3-35728B94EAC9}.Release|Any CPU.Build.0 = Release|Any CPU
		{AB86F642-BA06-4074-B218-D1B0EDA843CB}.Debug|Any CPU.ActiveCfg = Debug|Any CPU
		{AB86F642-BA06-4074-B218-D1B0EDA843CB}.Debug|Any CPU.Build.0 = Debug|Any CPU
		{AB86F642-BA06-4074-B218-D1B0EDA843CB}.Release|Any CPU.ActiveCfg = Release|Any CPU
		{AB86F642-BA06-4074-B218-D1B0EDA843CB}.Release|Any CPU.Build.0 = Release|Any CPU
	EndGlobalSection
	GlobalSection(SolutionProperties) = preSolution
		HideSolutionNode = FALSE
	EndGlobalSection
	GlobalSection(NestedProjects) = preSolution
		{0FA75A5B-AB83-4FD0-B545-279774C01E87} = {AFAA0841-BD93-466F-B8F4-FB4EEC86F1FC}
		{3870C648-4AEA-4B85-BA3F-F2F63B96136A} = {AFAA0841-BD93-466F-B8F4-FB4EEC86F1FC}
		{0D4C5D00-C144-4213-A007-4B8944113AB1} = {F10AA149-2626-486E-85BB-9CD5365F3016}
		{880B3591-E057-46FE-B525-10BD83828B93} = {AFAA0841-BD93-466F-B8F4-FB4EEC86F1FC}
		{38E184BD-E874-4633-A947-AED4FDB73F40} = {AFAA0841-BD93-466F-B8F4-FB4EEC86F1FC}
		{22CFE0D2-8DCA-42D7-AD7D-784C3862493F} = {AFAA0841-BD93-466F-B8F4-FB4EEC86F1FC}
		{E0580562-F8F2-4EBB-B07A-ABFC6F2C314F} = {AFAA0841-BD93-466F-B8F4-FB4EEC86F1FC}
		{B7DED884-3C9A-48F7-BE04-7C89E6660DFF} = {AFAA0841-BD93-466F-B8F4-FB4EEC86F1FC}
		{E255BE66-0629-4010-8D8F-9C9731241233} = {AFAA0841-BD93-466F-B8F4-FB4EEC86F1FC}
		{AAB052FF-D93E-4A67-AF55-028086EA52B2} = {AFAA0841-BD93-466F-B8F4-FB4EEC86F1FC}
		{821AC96E-C507-48CD-98A9-9C20E3C1EFDF} = {AFAA0841-BD93-466F-B8F4-FB4EEC86F1FC}
		{3069BC0E-7074-4621-9338-3750E4D8372D} = {821AC96E-C507-48CD-98A9-9C20E3C1EFDF}
		{0F15D00A-FF58-4655-8C11-CF878B828948} = {F10AA149-2626-486E-85BB-9CD5365F3016}
		{2B72B0F7-9D80-4FB5-88C3-35728B94EAC9} = {0F15D00A-FF58-4655-8C11-CF878B828948}
		{AB86F642-BA06-4074-B218-D1B0EDA843CB} = {0F15D00A-FF58-4655-8C11-CF878B828948}
	EndGlobalSection
	GlobalSection(ExtensibilityGlobals) = postSolution
		SolutionGuid = {EB1D6178-7A73-4A1D-BDF2-F92DCCE61EF5}
	EndGlobalSection
EndGlobal
